
Microsoft Visual Studio Solution File, Format Version 12.00
# Visual Studio Version 17
VisualStudioVersion = 17.2.32602.215
MinimumVisualStudioVersion = 10.0.40219.1
Project("{FAE04EC0-301F-11D3-BF4B-00C04F79EFBC}") = "Kanji Level Color", "Kanji Level Color\Kanji Level Color.csproj", "{314C2500-EFF3-497E-AD15-45FC09528DBE}"
EndProject
Global
	GlobalSection(SolutionConfigurationPlatforms) = preSolution
		Debug|Any CPU = Debug|Any CPU
		Release|Any CPU = Release|Any CPU
	EndGlobalSection
	GlobalSection(ProjectConfigurationPlatforms) = postSolution
		{314C2500-EFF3-497E-AD15-45FC09528DBE}.Debug|Any CPU.ActiveCfg = Debug|Any CPU
		{314C2500-EFF3-497E-AD15-45FC09528DBE}.Debug|Any CPU.Build.0 = Debug|Any CPU
		{314C2500-EFF3-497E-AD15-45FC09528DBE}.Release|Any CPU.ActiveCfg = Release|Any CPU
		{314C2500-EFF3-497E-AD15-45FC09528DBE}.Release|Any CPU.Build.0 = Release|Any CPU
	EndGlobalSection
	GlobalSection(SolutionProperties) = preSolution
		HideSolutionNode = FALSE
	EndGlobalSection
	GlobalSection(ExtensibilityGlobals) = postSolution
		SolutionGuid = {E6DD5B7B-6065-42AB-846E-DC260B0148E7}
	EndGlobalSection
EndGlobal
